
Microsoft Visual Studio Solution File, Format Version 12.00
# Visual Studio Version 17
VisualStudioVersion = 17.1.32228.430
MinimumVisualStudioVersion = 10.0.40219.1
Project("{FAE04EC0-301F-11D3-BF4B-00C04F79EFBC}") = "Milestone3", "Milestone3.csproj", "{825395D5-EB08-432D-9FDF-C93C35F3F243}"
EndProject
Global
	GlobalSection(SolutionConfigurationPlatforms) = preSolution
		Debug|Any CPU = Debug|Any CPU
		Release|Any CPU = Release|Any CPU
	EndGlobalSection
	GlobalSection(ProjectConfigurationPlatforms) = postSolution
		{825395D5-EB08-432D-9FDF-C93C35F3F243}.Debug|Any CPU.ActiveCfg = Debug|Any CPU
		{825395D5-EB08-432D-9FDF-C93C35F3F243}.Debug|Any CPU.Build.0 = Debug|Any CPU
		{825395D5-EB08-432D-9FDF-C93C35F3F243}.Release|Any CPU.ActiveCfg = Release|Any CPU
		{825395D5-EB08-432D-9FDF-C93C35F3F243}.Release|Any CPU.Build.0 = Release|Any CPU
	EndGlobalSection
	GlobalSection(SolutionProperties) = preSolution
		HideSolutionNode = FALSE
	EndGlobalSection
	GlobalSection(ExtensibilityGlobals) = postSolution
		SolutionGuid = {CB72D219-47A6-4DEE-B049-EBED17F4B3B4}
	EndGlobalSection
EndGlobal
